
Microsoft Visual Studio Solution File, Format Version 12.00
# Visual Studio Version 16
VisualStudioVersion = 16.0.30804.86
MinimumVisualStudioVersion = 10.0.40219.1
Project("{FAE04EC0-301F-11D3-BF4B-00C04F79EFBC}") = "WeatherAPIDemo", "WeatherAPIDemo\WeatherAPIDemo.csproj", "{B5D63379-7AD8-4C2A-B2B6-4C2697AF709C}"
EndProject
Global
	GlobalSection(SolutionConfigurationPlatforms) = preSolution
		Debug|Any CPU = Debug|Any CPU
		Release|Any CPU = Release|Any CPU
	EndGlobalSection
	GlobalSection(ProjectConfigurationPlatforms) = postSolution
		{B5D63379-7AD8-4C2A-B2B6-4C2697AF709C}.Debug|Any CPU.ActiveCfg = Debug|Any CPU
		{B5D63379-7AD8-4C2A-B2B6-4C2697AF709C}.Debug|Any CPU.Build.0 = Debug|Any CPU
		{B5D63379-7AD8-4C2A-B2B6-4C2697AF709C}.Release|Any CPU.ActiveCfg = Release|Any CPU
		{B5D63379-7AD8-4C2A-B2B6-4C2697AF709C}.Release|Any CPU.Build.0 = Release|Any CPU
	EndGlobalSection
	GlobalSection(SolutionProperties) = preSolution
		HideSolutionNode = FALSE
	EndGlobalSection
	GlobalSection(ExtensibilityGlobals) = postSolution
		SolutionGuid = {5F233192-78C7-4758-855A-038420C6C445}
	EndGlobalSection
EndGlobal
